{
  "originHash" : "39523583f94afff3fdee2d0144032bbcba22b3a9fc2ab23499808da61ad3c307",
  "pins" : [
    {
      "identity" : "terminal-ansi",
      "kind" : "remoteSourceControl",
      "location" : "https://github.com/juri/terminal-ansi.git",
      "state" : {
        "revision" : "4a56c05d18cd7cb0ad85fcc0bd1b616f45c8a067",
        "version" : "0.3.0"
      }
    },
    {
      "identity" : "terminal-styles",
      "kind" : "remoteSourceControl",
      "location" : "https://github.com/juri/terminal-styles.git",
      "state" : {
        "revision" : "9e9e6d6f17e1fbc8df0f5d4f6f5cbf25af270615",
        "version" : "0.3.0"
      }
    }
  ],
  "version" : 3
}
